
Microsoft Visual Studio Solution File, Format Version 12.00
# Visual Studio 15
VisualStudioVersion = 15.0.34031.82
MinimumVisualStudioVersion = 10.0.40219.1
Project("{8BC9CEB8-8B4A-11D0-8D11-00A0C91BC942}") = "P21", "P21\P21.vcxproj", "{9BB84447-89B4-43C1-88C8-2E5147CE2A2D}"
EndProject
Global
	GlobalSection(SolutionConfigurationPlatforms) = preSolution
		Debug|x64 = Debug|x64
		Debug|x86 = Debug|x86
		Release|x64 = Release|x64
		Release|x86 = Release|x86
	EndGlobalSection
	GlobalSection(ProjectConfigurationPlatforms) = postSolution
		{9BB84447-89B4-43C1-88C8-2E5147CE2A2D}.Debug|x64.ActiveCfg = Debug|x64
		{9BB84447-89B4-43C1-88C8-2E5147CE2A2D}.Debug|x64.Build.0 = Debug|x64
		{9BB84447-89B4-43C1-88C8-2E5147CE2A2D}.Debug|x86.ActiveCfg = Debug|Win32
		{9BB84447-89B4-43C1-88C8-2E5147CE2A2D}.Debug|x86.Build.0 = Debug|Win32
		{9BB84447-89B4-43C1-88C8-2E5147CE2A2D}.Release|x64.ActiveCfg = Release|x64
		{9BB84447-89B4-43C1-88C8-2E5147CE2A2D}.Release|x64.Build.0 = Release|x64
		{9BB84447-89B4-43C1-88C8-2E5147CE2A2D}.Release|x86.ActiveCfg = Release|Win32
		{9BB84447-89B4-43C1-88C8-2E5147CE2A2D}.Release|x86.Build.0 = Release|Win32
	EndGlobalSection
	GlobalSection(SolutionProperties) = preSolution
		HideSolutionNode = FALSE
	EndGlobalSection
	GlobalSection(ExtensibilityGlobals) = postSolution
		SolutionGuid = {09C212BA-032F-4611-A4DC-F896F537B694}
	EndGlobalSection
EndGlobal
